// !$*UTF8*$!
{
	archiveVersion = 1;
	classes = {
	};
	objectVersion = 46;
	objects = {

/* Begin PBXBuildFile section */
		A37D69B9085AEB7E899CEA70 /* Pods_Raye7Task.framework in Frameworks */ = {isa = PBXBuildFile; fileRef = 3C8ED0A88FDB8552ECDC1E6E /* Pods_Raye7Task.framework */; };
		E210E08D1EE4CCB200B6315B /* AppDelegate.swift in Sources */ = {isa = PBXBuildFile; fileRef = E210E08C1EE4CCB200B6315B /* AppDelegate.swift */; };
		E210E08F1EE4CCB200B6315B /* ViewController.swift in Sources */ = {isa = PBXBuildFile; fileRef = E210E08E1EE4CCB200B6315B /* ViewController.swift */; };
		E210E0921EE4CCB200B6315B /* Main.storyboard in Resources */ = {isa = PBXBuildFile; fileRef = E210E0901EE4CCB200B6315B /* Main.storyboard */; };
		E210E0941EE4CCB300B6315B /* Assets.xcassets in Resources */ = {isa = PBXBuildFile; fileRef = E210E0931EE4CCB300B6315B /* Assets.xcassets */; };
		E210E0971EE4CCB300B6315B /* LaunchScreen.storyboard in Resources */ = {isa = PBXBuildFile; fileRef = E210E0951EE4CCB300B6315B /* LaunchScreen.storyboard */; };
		E25FD4741EE4CE1A00A9DD84 /* UserTableViewCell.swift in Sources */ = {isa = PBXBuildFile; fileRef = E25FD4721EE4CE1A00A9DD84 /* UserTableViewCell.swift */; };
		E25FD4751EE4CE1A00A9DD84 /* UserTableViewCell.xib in Resources */ = {isa = PBXBuildFile; fileRef = E25FD4731EE4CE1A00A9DD84 /* UserTableViewCell.xib */; };
		E25FD4771EE4D0FB00A9DD84 /* ViewController+TableView.swift in Sources */ = {isa = PBXBuildFile; fileRef = E25FD4761EE4D0FB00A9DD84 /* ViewController+TableView.swift */; };
		E2DF94E51EE4D2CD00925A8D /* ViewController+BackendFunction.swift in Sources */ = {isa = PBXBuildFile; fileRef = E2DF94E41EE4D2CD00925A8D /* ViewController+BackendFunction.swift */; };
		E2DF94E91EE4E60700925A8D /* User.swift in Sources */ = {isa = PBXBuildFile; fileRef = E2DF94E81EE4E60700925A8D /* User.swift */; };
/* End PBXBuildFile section */

/* Begin PBXFileReference section */
		3C8ED0A88FDB8552ECDC1E6E /* Pods_Raye7Task.framework */ = {isa = PBXFileReference; explicitFileType = wrapper.framework; includeInIndex = 0; path = Pods_Raye7Task.framework; sourceTree = BUILT_PRODUCTS_DIR; };
		580510A583932F6E8CE56FDD /* Pods-Raye7Task.release.xcconfig */ = {isa = PBXFileReference; includeInIndex = 1; lastKnownFileType = text.xcconfig; name = "Pods-Raye7Task.release.xcconfig"; path = "Pods/Target Support Files/Pods-Raye7Task/Pods-Raye7Task.release.xcconfig"; sourceTree = "<group>"; };
		68782EFA3883D4382B50B851 /* Pods-Raye7Task.debug.xcconfig */ = {isa = PBXFileReference; includeInIndex = 1; lastKnownFileType = text.xcconfig; name = "Pods-Raye7Task.debug.xcconfig"; path = "Pods/Target Support Files/Pods-Raye7Task/Pods-Raye7Task.debug.xcconfig"; sourceTree = "<group>"; };
		E210E0891EE4CCB200B6315B /* Raye7Task.app */ = {isa = PBXFileReference; explicitFileType = wrapper.application; includeInIndex = 0; path = Raye7Task.app; sourceTree = BUILT_PRODUCTS_DIR; };
		E210E08C1EE4CCB200B6315B /* AppDelegate.swift */ = {isa = PBXFileReference; lastKnownFileType = sourcecode.swift; path = AppDelegate.swift; sourceTree = "<group>"; };
		E210E08E1EE4CCB200B6315B /* ViewController.swift */ = {isa = PBXFileReference; lastKnownFileType = sourcecode.swift; path = ViewController.swift; sourceTree = "<group>"; };
		E210E0911EE4CCB200B6315B /* Base */ = {isa = PBXFileReference; lastKnownFileType = file.storyboard; name = Base; path = Base.lproj/Main.storyboard; sourceTree = "<group>"; };
		E210E0931EE4CCB300B6315B /* Assets.xcassets */ = {isa = PBXFileReference; lastKnownFileType = folder.assetcatalog; path = Assets.xcassets; sourceTree = "<group>"; };
		E210E0961EE4CCB300B6315B /* Base */ = {isa = PBXFileReference; lastKnownFileType = file.storyboard; name = Base; path = Base.lproj/LaunchScreen.storyboard; sourceTree = "<group>"; };
		E210E0981EE4CCB300B6315B /* Info.plist */ = {isa = PBXFileReference; lastKnownFileType = text.plist.xml; path = Info.plist; sourceTree = "<group>"; };
		E25FD4721EE4CE1A00A9DD84 /* UserTableViewCell.swift */ = {isa = PBXFileReference; fileEncoding = 4; lastKnownFileType = sourcecode.swift; path = UserTableViewCell.swift; sourceTree = "<group>"; };
		E25FD4731EE4CE1A00A9DD84 /* UserTableViewCell.xib */ = {isa = PBXFileReference; fileEncoding = 4; lastKnownFileType = file.xib; path = UserTableViewCell.xib; sourceTree = "<group>"; };
		E25FD4761EE4D0FB00A9DD84 /* ViewController+TableView.swift */ = {isa = PBXFileReference; fileEncoding = 4; lastKnownFileType = sourcecode.swift; path = "ViewController+TableView.swift"; sourceTree = "<group>"; };
		E2DF94E41EE4D2CD00925A8D /* ViewController+BackendFunction.swift */ = {isa = PBXFileReference; fileEncoding = 4; lastKnownFileType = sourcecode.swift; path = "ViewController+BackendFunction.swift"; sourceTree = "<group>"; };
		E2DF94E81EE4E60700925A8D /* User.swift */ = {isa = PBXFileReference; fileEncoding = 4; lastKnownFileType = sourcecode.swift; path = User.swift; sourceTree = "<group>"; };
/* End PBXFileReference section */

/* Begin PBXFrameworksBuildPhase section */
		E210E0861EE4CCB200B6315B /* Frameworks */ = {
			isa = PBXFrameworksBuildPhase;
			buildActionMask = 2147483647;
			files = (
				A37D69B9085AEB7E899CEA70 /* Pods_Raye7Task.framework in Frameworks */,
			);
			runOnlyForDeploymentPostprocessing = 0;
		};
/* End PBXFrameworksBuildPhase section */

/* Begin PBXGroup section */
		4F6C16462CC5523EDD16028E /* Frameworks */ = {
			isa = PBXGroup;
			children = (
				3C8ED0A88FDB8552ECDC1E6E /* Pods_Raye7Task.framework */,
			);
			name = Frameworks;
			sourceTree = "<group>";
		};
		6B3889B20D5728ACED00964B /* Pods */ = {
			isa = PBXGroup;
			children = (
				68782EFA3883D4382B50B851 /* Pods-Raye7Task.debug.xcconfig */,
				580510A583932F6E8CE56FDD /* Pods-Raye7Task.release.xcconfig */,
			);
			name = Pods;
			sourceTree = "<group>";
		};
		E210E0801EE4CCB200B6315B = {
			isa = PBXGroup;
			children = (
				E210E08B1EE4CCB200B6315B /* Raye7Task */,
				E210E08A1EE4CCB200B6315B /* Products */,
				6B3889B20D5728ACED00964B /* Pods */,
				4F6C16462CC5523EDD16028E /* Frameworks */,
			);
			sourceTree = "<group>";
		};
		E210E08A1EE4CCB200B6315B /* Products */ = {
			isa = PBXGroup;
			children = (
				E210E0891EE4CCB200B6315B /* Raye7Task.app */,
			);
			name = Products;
			sourceTree = "<group>";
		};
		E210E08B1EE4CCB200B6315B /* Raye7Task */ = {
			isa = PBXGroup;
			children = (
				E210E0A01EE4CCCD00B6315B /* Model */,
				E210E09F1EE4CCC800B6315B /* View */,
				E210E09E1EE4CCBD00B6315B /* Controller */,
				E210E0981EE4CCB300B6315B /* Info.plist */,
			);
			path = Raye7Task;
			sourceTree = "<group>";
		};
		E210E09E1EE4CCBD00B6315B /* Controller */ = {
			isa = PBXGroup;
			children = (
				E210E08C1EE4CCB200B6315B /* AppDelegate.swift */,
				E210E08E1EE4CCB200B6315B /* ViewController.swift */,
				E25FD4761EE4D0FB00A9DD84 /* ViewController+TableView.swift */,
				E2DF94E41EE4D2CD00925A8D /* ViewController+BackendFunction.swift */,
			);
			name = Controller;
			sourceTree = "<group>";
		};
		E210E09F1EE4CCC800B6315B /* View */ = {
			isa = PBXGroup;
			children = (
				E210E0901EE4CCB200B6315B /* Main.storyboard */,
				E210E0931EE4CCB300B6315B /* Assets.xcassets */,
				E210E0951EE4CCB300B6315B /* LaunchScreen.storyboard */,
				E25FD4721EE4CE1A00A9DD84 /* UserTableViewCell.swift */,
				E25FD4731EE4CE1A00A9DD84 /* UserTableViewCell.xib */,
			);
			name = View;
			sourceTree = "<group>";
		};
		E210E0A01EE4CCCD00B6315B /* Model */ = {
			isa = PBXGroup;
			children = (
				E2DF94E81EE4E60700925A8D /* User.swift */,
			);
			name = Model;
			sourceTree = "<group>";
		};
/* End PBXGroup section */

/* Begin PBXNativeTarget section */
		E210E0881EE4CCB200B6315B /* Raye7Task */ = {
			isa = PBXNativeTarget;
			buildConfigurationList = E210E09B1EE4CCB300B6315B /* Build configuration list for PBXNativeTarget "Raye7Task" */;
			buildPhases = (
				649161821A0C563CB7EAE00A /* [CP] Check Pods Manifest.lock */,
				E210E0851EE4CCB200B6315B /* Sources */,
				E210E0861EE4CCB200B6315B /* Frameworks */,
				E210E0871EE4CCB200B6315B /* Resources */,
				E1B36F74640151A45388373F /* [CP] Embed Pods Frameworks */,
				E6738A29DE94EF4C5818CD9F /* [CP] Copy Pods Resources */,
			);
			buildRules = (
			);
			dependencies = (
			);
			name = Raye7Task;
			productName = Raye7Task;
			productReference = E210E0891EE4CCB200B6315B /* Raye7Task.app */;
			productType = "com.apple.product-type.application";
		};
/* End PBXNativeTarget section */

/* Begin PBXProject section */
		E210E0811EE4CCB200B6315B /* Project object */ = {
			isa = PBXProject;
			attributes = {
				LastSwiftUpdateCheck = 0830;
				LastUpgradeCheck = 0830;
				ORGANIZATIONNAME = "Ahmed Seleem";
				TargetAttributes = {
					E210E0881EE4CCB200B6315B = {
						CreatedOnToolsVersion = 8.3.1;
						DevelopmentTeam = 84H9TR7RZ9;
						ProvisioningStyle = Automatic;
					};
				};
			};
			buildConfigurationList = E210E0841EE4CCB200B6315B /* Build configuration list for PBXProject "Raye7Task" */;
			compatibilityVersion = "Xcode 3.2";
			developmentRegion = English;
			hasScannedForEncodings = 0;
			knownRegions = (
				en,
				Base,
			);
			mainGroup = E210E0801EE4CCB200B6315B;
			productRefGroup = E210E08A1EE4CCB200B6315B /* Products */;
			projectDirPath = "";
			projectRoot = "";
			targets = (
				E210E0881EE4CCB200B6315B /* Raye7Task */,
			);
		};
/* End PBXProject section */

/* Begin PBXResourcesBuildPhase section */
		E210E0871EE4CCB200B6315B /* Resources */ = {
			isa = PBXResourcesBuildPhase;
			buildActionMask = 2147483647;
			files = (
				E25FD4751EE4CE1A00A9DD84 /* UserTableViewCell.xib in Resources */,
				E210E0971EE4CCB300B6315B /* LaunchScreen.storyboard in Resources */,
				E210E0941EE4CCB300B6315B /* Assets.xcassets in Resources */,
				E210E0921EE4CCB200B6315B /* Main.storyboard in Resources */,
			);
			runOnlyForDeploymentPostprocessing = 0;
		};
/* End PBXResourcesBuildPhase section */

/* Begin PBXShellScriptBuildPhase section */
		649161821A0C563CB7EAE00A /* [CP] Check Pods Manifest.lock */ = {
			isa = PBXShellScriptBuildPhase;
			buildActionMask = 2147483647;
			files = (
			);
			inputPaths = (
			);
			name = "[CP] Check Pods Manifest.lock";
			outputPaths = (
			);
			runOnlyForDeploymentPostprocessing = 0;
			shellPath = /bin/sh;
			shellScript = "diff \"${PODS_ROOT}/../Podfile.lock\" \"${PODS_ROOT}/Manifest.lock\" > /dev/null\nif [ $? != 0 ] ; then\n    # print error to STDERR\n    echo \"error: The sandbox is not in sync with the Podfile.lock. Run 'pod install' or update your CocoaPods installation.\" >&2\n    exit 1\nfi\n";
			showEnvVarsInLog = 0;
		};
		E1B36F74640151A45388373F /* [CP] Embed Pods Frameworks */ = {
			isa = PBXShellScriptBuildPhase;
			buildActionMask = 2147483647;
			files = (
			);
			inputPaths = (
			);
			name = "[CP] Embed Pods Frameworks";
			outputPaths = (
			);
			runOnlyForDeploymentPostprocessing = 0;
			shellPath = /bin/sh;
			shellScript = "\"${SRCROOT}/Pods/Target Support Files/Pods-Raye7Task/Pods-Raye7Task-frameworks.sh\"\n";
			showEnvVarsInLog = 0;
		};
		E6738A29DE94EF4C5818CD9F /* [CP] Copy Pods Resources */ = {
			isa = PBXShellScriptBuildPhase;
			buildActionMask = 2147483647;
			files = (
			);
			inputPaths = (
			);
			name = "[CP] Copy Pods Resources";
			outputPaths = (
			);
			runOnlyForDeploymentPostprocessing = 0;
			shellPath = /bin/sh;
			shellScript = "\"${SRCROOT}/Pods/Target Support Files/Pods-Raye7Task/Pods-Raye7Task-resources.sh\"\n";
			showEnvVarsInLog = 0;
		};
/* End PBXShellScriptBuildPhase section */

/* Begin PBXSourcesBuildPhase section */
		E210E0851EE4CCB200B6315B /* Sources */ = {
			isa = PBXSourcesBuildPhase;
			buildActionMask = 2147483647;
			files = (
				E210E08F1EE4CCB200B6315B /* ViewController.swift in Sources */,
				E2DF94E51EE4D2CD00925A8D /* ViewController+BackendFunction.swift in Sources */,
				E25FD4741EE4CE1A00A9DD84 /* UserTableViewCell.swift in Sources */,
				E25FD4771EE4D0FB00A9DD84 /* ViewController+TableView.swift in Sources */,
				E210E08D1EE4CCB200B6315B /* AppDelegate.swift in Sources */,
				E2DF94E91EE4E60700925A8D /* User.swift in Sources */,
			);
			runOnlyForDeploymentPostprocessing = 0;
		};
/* End PBXSourcesBuildPhase section */

/* Begin PBXVariantGroup section */
		E210E0901EE4CCB200B6315B /* Main.storyboard */ = {
			isa = PBXVariantGroup;
			children = (
				E210E0911EE4CCB200B6315B /* Base */,
			);
			name = Main.storyboard;
			sourceTree = "<group>";
		};
		E210E0951EE4CCB300B6315B /* LaunchScreen.storyboard */ = {
			isa = PBXVariantGroup;
			children = (
				E210E0961EE4CCB300B6315B /* Base */,
			);
			name = LaunchScreen.storyboard;
			sourceTree = "<group>";
		};
/* End PBXVariantGroup section */

/* Begin XCBuildConfiguration section */
		E210E0991EE4CCB300B6315B /* Debug */ = {
			isa = XCBuildConfiguration;
			buildSettings = {
				ALWAYS_SEARCH_USER_PATHS = NO;
				CLANG_ANALYZER_NONNULL = YES;
				CLANG_ANALYZER_NUMBER_OBJECT_CONVERSION = YES_AGGRESSIVE;
				CLANG_CXX_LANGUAGE_STANDARD = "gnu++0x";
				CLANG_CXX_LIBRARY = "libc++";
				CLANG_ENABLE_MODULES = YES;
				CLANG_ENABLE_OBJC_ARC = YES;
				CLANG_WARN_BOOL_CONVERSION = YES;
				CLANG_WARN_CONSTANT_CONVERSION = YES;
				CLANG_WARN_DIRECT_OBJC_ISA_USAGE = YES_ERROR;
				CLANG_WARN_DOCUMENTATION_COMMENTS = YES;
				CLANG_WARN_EMPTY_BODY = YES;
				CLANG_WARN_ENUM_CONVERSION = YES;
				CLANG_WARN_INFINITE_RECURSION = YES;
				CLANG_WARN_INT_CONVERSION = YES;
				CLANG_WARN_OBJC_ROOT_CLASS = YES_ERROR;
				CLANG_WARN_SUSPICIOUS_MOVE = YES;
				CLANG_WARN_UNREACHABLE_CODE = YES;
				CLANG_WARN__DUPLICATE_METHOD_MATCH = YES;
				"CODE_SIGN_IDENTITY[sdk=iphoneos*]" = "iPhone Developer";
				COPY_PHASE_STRIP = NO;
				DEBUG_INFORMATION_FORMAT = dwarf;
				ENABLE_STRICT_OBJC_MSGSEND = YES;
				ENABLE_TESTABILITY = YES;
				GCC_C_LANGUAGE_STANDARD = gnu99;
				GCC_DYNAMIC_NO_PIC = NO;
				GCC_NO_COMMON_BLOCKS = YES;
				GCC_OPTIMIZATION_LEVEL = 0;
				GCC_PREPROCESSOR_DEFINITIONS = (
					"DEBUG=1",
					"$(inherited)",
				);
				GCC_WARN_64_TO_32_BIT_CONVERSION = YES;
				GCC_WARN_ABOUT_RETURN_TYPE = YES_ERROR;
				GCC_WARN_UNDECLARED_SELECTOR = YES;
				GCC_WARN_UNINITIALIZED_AUTOS = YES_AGGRESSIVE;
				GCC_WARN_UNUSED_FUNCTION = YES;
				GCC_WARN_UNUSED_VARIABLE = YES;
				IPHONEOS_DEPLOYMENT_TARGET = 10.3;
				MTL_ENABLE_DEBUG_INFO = YES;
				ONLY_ACTIVE_ARCH = YES;
				SDKROOT = iphoneos;
				SWIFT_ACTIVE_COMPILATION_CONDITIONS = DEBUG;
				SWIFT_OPTIMIZATION_LEVEL = "-Onone";
				TARGETED_DEVICE_FAMILY = "1,2";
			};
			name = Debug;
		};
		E210E09A1EE4CCB300B6315B /* Release */ = {
			isa = XCBuildConfiguration;
			buildSettings = {
				ALWAYS_SEARCH_USER_PATHS = NO;
				CLANG_ANALYZER_NONNULL = YES;
				CLANG_ANALYZER_NUMBER_OBJECT_CONVERSION = YES_AGGRESSIVE;
				CLANG_CXX_LANGUAGE_STANDARD = "gnu++0x";
				CLANG_CXX_LIBRARY = "libc++";
				CLANG_ENABLE_MODULES = YES;
				CLANG_ENABLE_OBJC_ARC = YES;
				CLANG_WARN_BOOL_CONVERSION = YES;
				CLANG_WARN_CONSTANT_CONVERSION = YES;
				CLANG_WARN_DIRECT_OBJC_ISA_USAGE = YES_ERROR;
				CLANG_WARN_DOCUMENTATION_COMMENTS = YES;
				CLANG_WARN_EMPTY_BODY = YES;
				CLANG_WARN_ENUM_CONVERSION = YES;
				CLANG_WARN_INFINITE_RECURSION = YES;
				CLANG_WARN_INT_CONVERSION = YES;
				CLANG_WARN_OBJC_ROOT_CLASS = YES_ERROR;
				CLANG_WARN_SUSPICIOUS_MOVE = YES;
				CLANG_WARN_UNREACHABLE_CODE = YES;
				CLANG_WARN__DUPLICATE_METHOD_MATCH = YES;
				"CODE_SIGN_IDENTITY[sdk=iphoneos*]" = "iPhone Developer";
				COPY_PHASE_STRIP = NO;
				DEBUG_INFORMATION_FORMAT = "dwarf-with-dsym";
				ENABLE_NS_ASSERTIONS = NO;
				ENABLE_STRICT_OBJC_MSGSEND = YES;
				GCC_C_LANGUAGE_STANDARD = gnu99;
				GCC_NO_COMMON_BLOCKS = YES;
				GCC_WARN_64_TO_32_BIT_CONVERSION = YES;
				GCC_WARN_ABOUT_RETURN_TYPE = YES_ERROR;
				GCC_WARN_UNDECLARED_SELECTOR = YES;
				GCC_WARN_UNINITIALIZED_AUTOS = YES_AGGRESSIVE;
				GCC_WARN_UNUSED_FUNCTION = YES;
				GCC_WARN_UNUSED_VARIABLE = YES;
				IPHONEOS_DEPLOYMENT_TARGET = 10.3;
				MTL_ENABLE_DEBUG_INFO = NO;
				SDKROOT = iphoneos;
				SWIFT_OPTIMIZATION_LEVEL = "-Owholemodule";
				TARGETED_DEVICE_FAMILY = "1,2";
				VALIDATE_PRODUCT = YES;
			};
			name = Release;
		};
		E210E09C1EE4CCB300B6315B /* Debug */ = {
			isa = XCBuildConfiguration;
			baseConfigurationReference = 68782EFA3883D4382B50B851 /* Pods-Raye7Task.debug.xcconfig */;
			buildSettings = {
				ASSETCATALOG_COMPILER_APPICON_NAME = AppIcon;
				DEVELOPMENT_TEAM = 84H9TR7RZ9;
				INFOPLIST_FILE = Raye7Task/Info.plist;
				LD_RUNPATH_SEARCH_PATHS = "$(inherited) @executable_path/Frameworks";
				PRODUCT_BUNDLE_IDENTIFIER = seleem.developer.Raye7Task;
				PRODUCT_NAME = "$(TARGET_NAME)";
				SWIFT_VERSION = 3.0;
			};
			name = Debug;
		};
		E210E09D1EE4CCB300B6315B /* Release */ = {
			isa = XCBuildConfiguration;
			baseConfigurationReference = 580510A583932F6E8CE56FDD /* Pods-Raye7Task.release.xcconfig */;
			buildSettings = {
				ASSETCATALOG_COMPILER_APPICON_NAME = AppIcon;
				DEVELOPMENT_TEAM = 84H9TR7RZ9;
				INFOPLIST_FILE = Raye7Task/Info.plist;
				LD_RUNPATH_SEARCH_PATHS = "$(inherited) @executable_path/Frameworks";
				PRODUCT_BUNDLE_IDENTIFIER = seleem.developer.Raye7Task;
				PRODUCT_NAME = "$(TARGET_NAME)";
				SWIFT_VERSION = 3.0;
			};
			name = Release;
		};
/* End XCBuildConfiguration section */

/* Begin XCConfigurationList section */
		E210E0841EE4CCB200B6315B /* Build configuration list for PBXProject "Raye7Task" */ = {
			isa = XCConfigurationList;
			buildConfigurations = (
				E210E0991EE4CCB300B6315B /* Debug */,
				E210E09A1EE4CCB300B6315B /* Release */,
			);
			defaultConfigurationIsVisible = 0;
			defaultConfigurationName = Release;
		};
		E210E09B1EE4CCB300B6315B /* Build configuration list for PBXNativeTarget "Raye7Task" */ = {
			isa = XCConfigurationList;
			buildConfigurations = (
				E210E09C1EE4CCB300B6315B /* Debug */,
				E210E09D1EE4CCB300B6315B /* Release */,
			);
			defaultConfigurationIsVisible = 0;
			defaultConfigurationName = Release;
		};
/* End XCConfigurationList section */
	};
	rootObject = E210E0811EE4CCB200B6315B /* Project object */;
}
